{
    "version": 3,
    "terraform_version": "0.11.11",
    "serial": 3,
    "lineage": "6ecc5216-b77c-086e-dc22-970cb654fc1b",
    "modules": [
        {
            "path": [
                "root"
            ],
            "outputs": {},
            "resources": {
                "aws_instance.example": {
                    "type": "aws_instance",
                    "depends_on": [],
                    "primary": {
                        "id": "i-0917bd2c5fd37942a",
                        "attributes": {
                            "ami": "ami-080146b44c2e28be4",
                            "arn": "arn:aws:ec2:ap-southeast-2:621493105288:instance/i-0917bd2c5fd37942a",
                            "associate_public_ip_address": "true",
                            "availability_zone": "ap-southeast-2a",
                            "cpu_core_count": "1",
                            "cpu_threads_per_core": "1",
                            "credit_specification.#": "1",
                            "credit_specification.0.cpu_credits": "standard",
                            "disable_api_termination": "false",
                            "ebs_block_device.#": "0",
                            "ebs_optimized": "false",
                            "ephemeral_block_device.#": "0",
                            "get_password_data": "false",
                            "iam_instance_profile": "",
                            "id": "i-0917bd2c5fd37942a",
                            "instance_state": "running",
                            "instance_type": "t2.micro",
                            "ipv6_addresses.#": "0",
                            "key_name": "",
                            "monitoring": "false",
                            "network_interface.#": "0",
                            "network_interface_id": "eni-06c2db70ab1be3c3b",
                            "password_data": "",
                            "placement_group": "",
                            "primary_network_interface_id": "eni-06c2db70ab1be3c3b",
                            "private_dns": "ip-172-31-14-24.ap-southeast-2.compute.internal",
                            "private_ip": "172.31.14.24",
                            "public_dns": "ec2-3-104-77-245.ap-southeast-2.compute.amazonaws.com",
                            "public_ip": "3.104.77.245",
                            "root_block_device.#": "1",
                            "root_block_device.0.delete_on_termination": "true",
                            "root_block_device.0.iops": "100",
                            "root_block_device.0.volume_id": "vol-0142adbba0ff2e940",
                            "root_block_device.0.volume_size": "8",
                            "root_block_device.0.volume_type": "gp2",
                            "security_groups.#": "1",
                            "security_groups.3814588639": "default",
                            "source_dest_check": "true",
                            "subnet_id": "subnet-875452e0",
                            "tags.%": "0",
                            "tenancy": "default",
                            "volume_tags.%": "0",
                            "vpc_security_group_ids.#": "1",
                            "vpc_security_group_ids.1318962576": "sg-29630753"
                        },
                        "meta": {
                            "e2bfb730-ecaa-11e6-8f88-34363bc7c4c0": {
                                "create": 600000000000,
                                "delete": 1200000000000,
                                "update": 600000000000
                            },
                            "schema_version": "1"
                        },
                        "tainted": false
                    },
                    "deposed": [],
                    "provider": "provider.aws"
                }
            },
            "depends_on": []
        }
    ]
}
